
Microsoft Visual Studio Solution File, Format Version 12.00
# Visual Studio Version 17
VisualStudioVersion = 17.8.34309.116
MinimumVisualStudioVersion = 10.0.40219.1
Project("{8BC9CEB8-8B4A-11D0-8D11-00A0C91BC942}") = "HeaderExport", "HeaderExport\HeaderExport.vcxproj", "{CAAC2244-78B8-4D01-BBF8-D1936514CD67}"
EndProject
Project("{2150E333-8FDC-42A3-9474-1A3956D46DE8}") = "解决方案项", "解决方案项", "{8E33BD5F-2B12-43CD-BC63-FF13D412DCE1}"
	ProjectSection(SolutionItems) = preProject
		.gitattributes = .gitattributes
		.gitignore = .gitignore
		LICENSE.txt = LICENSE.txt
		README.md = README.md
	EndProjectSection
EndProject
Project("{8BC9CEB8-8B4A-11D0-8D11-00A0C91BC942}") = "Dynamic", "Dynamic\Dynamic.vcxproj", "{4257B95B-D32D-4548-80F2-47F808F10DD3}"
EndProject
Project("{8BC9CEB8-8B4A-11D0-8D11-00A0C91BC942}") = "Static", "Static\Static.vcxproj", "{26BD2A9B-ED9B-417A-83AB-10FF79B81754}"
EndProject
Global
	GlobalSection(SolutionConfigurationPlatforms) = preSolution
		Debug|x64 = Debug|x64
		Debug|x86 = Debug|x86
		Release|x64 = Release|x64
		Release|x86 = Release|x86
	EndGlobalSection
	GlobalSection(ProjectConfigurationPlatforms) = postSolution
		{CAAC2244-78B8-4D01-BBF8-D1936514CD67}.Debug|x64.ActiveCfg = Debug|x64
		{CAAC2244-78B8-4D01-BBF8-D1936514CD67}.Debug|x64.Build.0 = Debug|x64
		{CAAC2244-78B8-4D01-BBF8-D1936514CD67}.Debug|x86.ActiveCfg = Debug|Win32
		{CAAC2244-78B8-4D01-BBF8-D1936514CD67}.Debug|x86.Build.0 = Debug|Win32
		{CAAC2244-78B8-4D01-BBF8-D1936514CD67}.Release|x64.ActiveCfg = Release|x64
		{CAAC2244-78B8-4D01-BBF8-D1936514CD67}.Release|x64.Build.0 = Release|x64
		{CAAC2244-78B8-4D01-BBF8-D1936514CD67}.Release|x86.ActiveCfg = Release|Win32
		{CAAC2244-78B8-4D01-BBF8-D1936514CD67}.Release|x86.Build.0 = Release|Win32
		{4257B95B-D32D-4548-80F2-47F808F10DD3}.Debug|x64.ActiveCfg = Debug|x64
		{4257B95B-D32D-4548-80F2-47F808F10DD3}.Debug|x64.Build.0 = Debug|x64
		{4257B95B-D32D-4548-80F2-47F808F10DD3}.Debug|x86.ActiveCfg = Debug|Win32
		{4257B95B-D32D-4548-80F2-47F808F10DD3}.Debug|x86.Build.0 = Debug|Win32
		{4257B95B-D32D-4548-80F2-47F808F10DD3}.Release|x64.ActiveCfg = Release|x64
		{4257B95B-D32D-4548-80F2-47F808F10DD3}.Release|x64.Build.0 = Release|x64
		{4257B95B-D32D-4548-80F2-47F808F10DD3}.Release|x86.ActiveCfg = Release|Win32
		{4257B95B-D32D-4548-80F2-47F808F10DD3}.Release|x86.Build.0 = Release|Win32
		{26BD2A9B-ED9B-417A-83AB-10FF79B81754}.Debug|x64.ActiveCfg = Debug|x64
		{26BD2A9B-ED9B-417A-83AB-10FF79B81754}.Debug|x64.Build.0 = Debug|x64
		{26BD2A9B-ED9B-417A-83AB-10FF79B81754}.Debug|x86.ActiveCfg = Debug|Win32
		{26BD2A9B-ED9B-417A-83AB-10FF79B81754}.Debug|x86.Build.0 = Debug|Win32
		{26BD2A9B-ED9B-417A-83AB-10FF79B81754}.Release|x64.ActiveCfg = Release|x64
		{26BD2A9B-ED9B-417A-83AB-10FF79B81754}.Release|x64.Build.0 = Release|x64
		{26BD2A9B-ED9B-417A-83AB-10FF79B81754}.Release|x86.ActiveCfg = Release|Win32
		{26BD2A9B-ED9B-417A-83AB-10FF79B81754}.Release|x86.Build.0 = Release|Win32
	EndGlobalSection
	GlobalSection(SolutionProperties) = preSolution
		HideSolutionNode = FALSE
	EndGlobalSection
	GlobalSection(ExtensibilityGlobals) = postSolution
		SolutionGuid = {3CB711A4-8C23-418E-8F20-03370179640C}
	EndGlobalSection
EndGlobal
